
Microsoft Visual Studio Solution File, Format Version 12.00
# Visual Studio Version 17
VisualStudioVersion = 17.5.002.0
MinimumVisualStudioVersion = 10.0.40219.1
Project("{9A19103F-16F7-4668-BE54-9A1E7A4F7556}") = "TongCacPhanTuCuaMang", "TongCacPhanTuCuaMang.csproj", "{71270E72-A06E-49D2-A5FB-B6D4A67E4657}"
EndProject
Global
	GlobalSection(SolutionConfigurationPlatforms) = preSolution
		Debug|Any CPU = Debug|Any CPU
		Release|Any CPU = Release|Any CPU
	EndGlobalSection
	GlobalSection(ProjectConfigurationPlatforms) = postSolution
		{71270E72-A06E-49D2-A5FB-B6D4A67E4657}.Debug|Any CPU.ActiveCfg = Debug|Any CPU
		{71270E72-A06E-49D2-A5FB-B6D4A67E4657}.Debug|Any CPU.Build.0 = Debug|Any CPU
		{71270E72-A06E-49D2-A5FB-B6D4A67E4657}.Release|Any CPU.ActiveCfg = Release|Any CPU
		{71270E72-A06E-49D2-A5FB-B6D4A67E4657}.Release|Any CPU.Build.0 = Release|Any CPU
	EndGlobalSection
	GlobalSection(SolutionProperties) = preSolution
		HideSolutionNode = FALSE
	EndGlobalSection
	GlobalSection(ExtensibilityGlobals) = postSolution
		SolutionGuid = {B4DD26B8-F373-4743-AC6A-62F4B5D22832}
	EndGlobalSection
EndGlobal
